// !$*UTF8*$!
{
	archiveVersion = 1;
	classes = {
	};
	objectVersion = 50;
	objects = {

/* Begin PBXBuildFile section */
		A104C518236D9D44006DC064 /* AppDelegate.swift in Sources */ = {isa = PBXBuildFile; fileRef = A104C517236D9D44006DC064 /* AppDelegate.swift */; };
		A104C51A236D9D44006DC064 /* SceneDelegate.swift in Sources */ = {isa = PBXBuildFile; fileRef = A104C519236D9D44006DC064 /* SceneDelegate.swift */; };
		A104C51F236D9D44006DC064 /* Main.storyboard in Resources */ = {isa = PBXBuildFile; fileRef = A104C51D236D9D44006DC064 /* Main.storyboard */; };
		A104C521236D9D45006DC064 /* Assets.xcassets in Resources */ = {isa = PBXBuildFile; fileRef = A104C520236D9D45006DC064 /* Assets.xcassets */; };
		A104C524236D9D45006DC064 /* LaunchScreen.storyboard in Resources */ = {isa = PBXBuildFile; fileRef = A104C522236D9D45006DC064 /* LaunchScreen.storyboard */; };
		A104C52C236D9DAB006DC064 /* ColorTableViewController.swift in Sources */ = {isa = PBXBuildFile; fileRef = A104C52B236D9DAB006DC064 /* ColorTableViewController.swift */; };
		A104C52E236D9E27006DC064 /* ColorTableViewCell.swift in Sources */ = {isa = PBXBuildFile; fileRef = A104C52D236D9E27006DC064 /* ColorTableViewCell.swift */; };
/* End PBXBuildFile section */

/* Begin PBXFileReference section */
		A104C514236D9D44006DC064 /* SystemColorSample.app */ = {isa = PBXFileReference; explicitFileType = wrapper.application; includeInIndex = 0; path = SystemColorSample.app; sourceTree = BUILT_PRODUCTS_DIR; };
		A104C517236D9D44006DC064 /* AppDelegate.swift */ = {isa = PBXFileReference; lastKnownFileType = sourcecode.swift; path = AppDelegate.swift; sourceTree = "<group>"; };
		A104C519236D9D44006DC064 /* SceneDelegate.swift */ = {isa = PBXFileReference; lastKnownFileType = sourcecode.swift; path = SceneDelegate.swift; sourceTree = "<group>"; };
		A104C51E236D9D44006DC064 /* Base */ = {isa = PBXFileReference; lastKnownFileType = file.storyboard; name = Base; path = Base.lproj/Main.storyboard; sourceTree = "<group>"; };
		A104C520236D9D45006DC064 /* Assets.xcassets */ = {isa = PBXFileReference; lastKnownFileType = folder.assetcatalog; path = Assets.xcassets; sourceTree = "<group>"; };
		A104C523236D9D45006DC064 /* Base */ = {isa = PBXFileReference; lastKnownFileType = file.storyboard; name = Base; path = Base.lproj/LaunchScreen.storyboard; sourceTree = "<group>"; };
		A104C525236D9D45006DC064 /* Info.plist */ = {isa = PBXFileReference; lastKnownFileType = text.plist.xml; path = Info.plist; sourceTree = "<group>"; };
		A104C52B236D9DAB006DC064 /* ColorTableViewController.swift */ = {isa = PBXFileReference; lastKnownFileType = sourcecode.swift; path = ColorTableViewController.swift; sourceTree = "<group>"; };
		A104C52D236D9E27006DC064 /* ColorTableViewCell.swift */ = {isa = PBXFileReference; lastKnownFileType = sourcecode.swift; path = ColorTableViewCell.swift; sourceTree = "<group>"; };
/* End PBXFileReference section */

/* Begin PBXFrameworksBuildPhase section */
		A104C511236D9D44006DC064 /* Frameworks */ = {
			isa = PBXFrameworksBuildPhase;
			buildActionMask = 2147483647;
			files = (
			);
			runOnlyForDeploymentPostprocessing = 0;
		};
/* End PBXFrameworksBuildPhase section */

/* Begin PBXGroup section */
		A104C50B236D9D44006DC064 = {
			isa = PBXGroup;
			children = (
				A104C516236D9D44006DC064 /* SystemColorSample */,
				A104C515236D9D44006DC064 /* Products */,
			);
			sourceTree = "<group>";
		};
		A104C515236D9D44006DC064 /* Products */ = {
			isa = PBXGroup;
			children = (
				A104C514236D9D44006DC064 /* SystemColorSample.app */,
			);
			name = Products;
			sourceTree = "<group>";
		};
		A104C516236D9D44006DC064 /* SystemColorSample */ = {
			isa = PBXGroup;
			children = (
				A104C517236D9D44006DC064 /* AppDelegate.swift */,
				A104C519236D9D44006DC064 /* SceneDelegate.swift */,
				A104C52B236D9DAB006DC064 /* ColorTableViewController.swift */,
				A104C52D236D9E27006DC064 /* ColorTableViewCell.swift */,
				A104C51D236D9D44006DC064 /* Main.storyboard */,
				A104C520236D9D45006DC064 /* Assets.xcassets */,
				A104C522236D9D45006DC064 /* LaunchScreen.storyboard */,
				A104C525236D9D45006DC064 /* Info.plist */,
			);
			path = SystemColorSample;
			sourceTree = "<group>";
		};
/* End PBXGroup section */

/* Begin PBXNativeTarget section */
		A104C513236D9D44006DC064 /* SystemColorSample */ = {
			isa = PBXNativeTarget;
			buildConfigurationList = A104C528236D9D45006DC064 /* Build configuration list for PBXNativeTarget "SystemColorSample" */;
			buildPhases = (
				A104C510236D9D44006DC064 /* Sources */,
				A104C511236D9D44006DC064 /* Frameworks */,
				A104C512236D9D44006DC064 /* Resources */,
			);
			buildRules = (
			);
			dependencies = (
			);
			name = SystemColorSample;
			productName = SystemColorSample;
			productReference = A104C514236D9D44006DC064 /* SystemColorSample.app */;
			productType = "com.apple.product-type.application";
		};
/* End PBXNativeTarget section */

/* Begin PBXProject section */
		A104C50C236D9D44006DC064 /* Project object */ = {
			isa = PBXProject;
			attributes = {
				LastSwiftUpdateCheck = 1120;
				LastUpgradeCheck = 1120;
				ORGANIZATIONNAME = an;
				TargetAttributes = {
					A104C513236D9D44006DC064 = {
						CreatedOnToolsVersion = 11.2;
					};
				};
			};
			buildConfigurationList = A104C50F236D9D44006DC064 /* Build configuration list for PBXProject "SystemColorSample" */;
			compatibilityVersion = "Xcode 9.3";
			developmentRegion = en;
			hasScannedForEncodings = 0;
			knownRegions = (
				en,
				Base,
			);
			mainGroup = A104C50B236D9D44006DC064;
			productRefGroup = A104C515236D9D44006DC064 /* Products */;
			projectDirPath = "";
			projectRoot = "";
			targets = (
				A104C513236D9D44006DC064 /* SystemColorSample */,
			);
		};
/* End PBXProject section */

/* Begin PBXResourcesBuildPhase section */
		A104C512236D9D44006DC064 /* Resources */ = {
			isa = PBXResourcesBuildPhase;
			buildActionMask = 2147483647;
			files = (
				A104C524236D9D45006DC064 /* LaunchScreen.storyboard in Resources */,
				A104C521236D9D45006DC064 /* Assets.xcassets in Resources */,
				A104C51F236D9D44006DC064 /* Main.storyboard in Resources */,
			);
			runOnlyForDeploymentPostprocessing = 0;
		};
/* End PBXResourcesBuildPhase section */

/* Begin PBXSourcesBuildPhase section */
		A104C510236D9D44006DC064 /* Sources */ = {
			isa = PBXSourcesBuildPhase;
			buildActionMask = 2147483647;
			files = (
				A104C518236D9D44006DC064 /* AppDelegate.swift in Sources */,
				A104C52E236D9E27006DC064 /* ColorTableViewCell.swift in Sources */,
				A104C52C236D9DAB006DC064 /* ColorTableViewController.swift in Sources */,
				A104C51A236D9D44006DC064 /* SceneDelegate.swift in Sources */,
			);
			runOnlyForDeploymentPostprocessing = 0;
		};
/* End PBXSourcesBuildPhase section */

/* Begin PBXVariantGroup section */
		A104C51D236D9D44006DC064 /* Main.storyboard */ = {
			isa = PBXVariantGroup;
			children = (
				A104C51E236D9D44006DC064 /* Base */,
			);
			name = Main.storyboard;
			sourceTree = "<group>";
		};
		A104C522236D9D45006DC064 /* LaunchScreen.storyboard */ = {
			isa = PBXVariantGroup;
			children = (
				A104C523236D9D45006DC064 /* Base */,
			);
			name = LaunchScreen.storyboard;
			sourceTree = "<group>";
		};
/* End PBXVariantGroup section */

/* Begin XCBuildConfiguration section */
		A104C526236D9D45006DC064 /* Debug */ = {
			isa = XCBuildConfiguration;
			buildSettings = {
				ALWAYS_SEARCH_USER_PATHS = NO;
				CLANG_ANALYZER_NONNULL = YES;
				CLANG_ANALYZER_NUMBER_OBJECT_CONVERSION = YES_AGGRESSIVE;
				CLANG_CXX_LANGUAGE_STANDARD = "gnu++14";
				CLANG_CXX_LIBRARY = "libc++";
				CLANG_ENABLE_MODULES = YES;
				CLANG_ENABLE_OBJC_ARC = YES;
				CLANG_ENABLE_OBJC_WEAK = YES;
				CLANG_WARN_BLOCK_CAPTURE_AUTORELEASING = YES;
				CLANG_WARN_BOOL_CONVERSION = YES;
				CLANG_WARN_COMMA = YES;
				CLANG_WARN_CONSTANT_CONVERSION = YES;
				CLANG_WARN_DEPRECATED_OBJC_IMPLEMENTATIONS = YES;
				CLANG_WARN_DIRECT_OBJC_ISA_USAGE = YES_ERROR;
				CLANG_WARN_DOCUMENTATION_COMMENTS = YES;
				CLANG_WARN_EMPTY_BODY = YES;
				CLANG_WARN_ENUM_CONVERSION = YES;
				CLANG_WARN_INFINITE_RECURSION = YES;
				CLANG_WARN_INT_CONVERSION = YES;
				CLANG_WARN_NON_LITERAL_NULL_CONVERSION = YES;
				CLANG_WARN_OBJC_IMPLICIT_RETAIN_SELF = YES;
				CLANG_WARN_OBJC_LITERAL_CONVERSION = YES;
				CLANG_WARN_OBJC_ROOT_CLASS = YES_ERROR;
				CLANG_WARN_RANGE_LOOP_ANALYSIS = YES;
				CLANG_WARN_STRICT_PROTOTYPES = YES;
				CLANG_WARN_SUSPICIOUS_MOVE = YES;
				CLANG_WARN_UNGUARDED_AVAILABILITY = YES_AGGRESSIVE;
				CLANG_WARN_UNREACHABLE_CODE = YES;
				CLANG_WARN__DUPLICATE_METHOD_MATCH = YES;
				COPY_PHASE_STRIP = NO;
				DEBUG_INFORMATION_FORMAT = dwarf;
				ENABLE_STRICT_OBJC_MSGSEND = YES;
				ENABLE_TESTABILITY = YES;
				GCC_C_LANGUAGE_STANDARD = gnu11;
				GCC_DYNAMIC_NO_PIC = NO;
				GCC_NO_COMMON_BLOCKS = YES;
				GCC_OPTIMIZATION_LEVEL = 0;
				GCC_PREPROCESSOR_DEFINITIONS = (
					"DEBUG=1",
					"$(inherited)",
				);
				GCC_WARN_64_TO_32_BIT_CONVERSION = YES;
				GCC_WARN_ABOUT_RETURN_TYPE = YES_ERROR;
				GCC_WARN_UNDECLARED_SELECTOR = YES;
				GCC_WARN_UNINITIALIZED_AUTOS = YES_AGGRESSIVE;
				GCC_WARN_UNUSED_FUNCTION = YES;
				GCC_WARN_UNUSED_VARIABLE = YES;
				IPHONEOS_DEPLOYMENT_TARGET = 13.2;
				MTL_ENABLE_DEBUG_INFO = INCLUDE_SOURCE;
				MTL_FAST_MATH = YES;
				ONLY_ACTIVE_ARCH = YES;
				SDKROOT = iphoneos;
				SWIFT_ACTIVE_COMPILATION_CONDITIONS = DEBUG;
				SWIFT_OPTIMIZATION_LEVEL = "-Onone";
			};
			name = Debug;
		};
		A104C527236D9D45006DC064 /* Release */ = {
			isa = XCBuildConfiguration;
			buildSettings = {
				ALWAYS_SEARCH_USER_PATHS = NO;
				CLANG_ANALYZER_NONNULL = YES;
				CLANG_ANALYZER_NUMBER_OBJECT_CONVERSION = YES_AGGRESSIVE;
				CLANG_CXX_LANGUAGE_STANDARD = "gnu++14";
				CLANG_CXX_LIBRARY = "libc++";
				CLANG_ENABLE_MODULES = YES;
				CLANG_ENABLE_OBJC_ARC = YES;
				CLANG_ENABLE_OBJC_WEAK = YES;
				CLANG_WARN_BLOCK_CAPTURE_AUTORELEASING = YES;
				CLANG_WARN_BOOL_CONVERSION = YES;
				CLANG_WARN_COMMA = YES;
				CLANG_WARN_CONSTANT_CONVERSION = YES;
				CLANG_WARN_DEPRECATED_OBJC_IMPLEMENTATIONS = YES;
				CLANG_WARN_DIRECT_OBJC_ISA_USAGE = YES_ERROR;
				CLANG_WARN_DOCUMENTATION_COMMENTS = YES;
				CLANG_WARN_EMPTY_BODY = YES;
				CLANG_WARN_ENUM_CONVERSION = YES;
				CLANG_WARN_INFINITE_RECURSION = YES;
				CLANG_WARN_INT_CONVERSION = YES;
				CLANG_WARN_NON_LITERAL_NULL_CONVERSION = YES;
				CLANG_WARN_OBJC_IMPLICIT_RETAIN_SELF = YES;
				CLANG_WARN_OBJC_LITERAL_CONVERSION = YES;
				CLANG_WARN_OBJC_ROOT_CLASS = YES_ERROR;
				CLANG_WARN_RANGE_LOOP_ANALYSIS = YES;
				CLANG_WARN_STRICT_PROTOTYPES = YES;
				CLANG_WARN_SUSPICIOUS_MOVE = YES;
				CLANG_WARN_UNGUARDED_AVAILABILITY = YES_AGGRESSIVE;
				CLANG_WARN_UNREACHABLE_CODE = YES;
				CLANG_WARN__DUPLICATE_METHOD_MATCH = YES;
				COPY_PHASE_STRIP = NO;
				DEBUG_INFORMATION_FORMAT = "dwarf-with-dsym";
				ENABLE_NS_ASSERTIONS = NO;
				ENABLE_STRICT_OBJC_MSGSEND = YES;
				GCC_C_LANGUAGE_STANDARD = gnu11;
				GCC_NO_COMMON_BLOCKS = YES;
				GCC_WARN_64_TO_32_BIT_CONVERSION = YES;
				GCC_WARN_ABOUT_RETURN_TYPE = YES_ERROR;
				GCC_WARN_UNDECLARED_SELECTOR = YES;
				GCC_WARN_UNINITIALIZED_AUTOS = YES_AGGRESSIVE;
				GCC_WARN_UNUSED_FUNCTION = YES;
				GCC_WARN_UNUSED_VARIABLE = YES;
				IPHONEOS_DEPLOYMENT_TARGET = 13.2;
				MTL_ENABLE_DEBUG_INFO = NO;
				MTL_FAST_MATH = YES;
				SDKROOT = iphoneos;
				SWIFT_COMPILATION_MODE = wholemodule;
				SWIFT_OPTIMIZATION_LEVEL = "-O";
				VALIDATE_PRODUCT = YES;
			};
			name = Release;
		};
		A104C529236D9D45006DC064 /* Debug */ = {
			isa = XCBuildConfiguration;
			buildSettings = {
				ASSETCATALOG_COMPILER_APPICON_NAME = AppIcon;
				CODE_SIGN_STYLE = Automatic;
				INFOPLIST_FILE = SystemColorSample/Info.plist;
				LD_RUNPATH_SEARCH_PATHS = (
					"$(inherited)",
					"@executable_path/Frameworks",
				);
				PRODUCT_BUNDLE_IDENTIFIER = jp.hatenablog.an.SystemColorSample;
				PRODUCT_NAME = "$(TARGET_NAME)";
				SWIFT_VERSION = 5.0;
				TARGETED_DEVICE_FAMILY = "1,2";
			};
			name = Debug;
		};
		A104C52A236D9D45006DC064 /* Release */ = {
			isa = XCBuildConfiguration;
			buildSettings = {
				ASSETCATALOG_COMPILER_APPICON_NAME = AppIcon;
				CODE_SIGN_STYLE = Automatic;
				INFOPLIST_FILE = SystemColorSample/Info.plist;
				LD_RUNPATH_SEARCH_PATHS = (
					"$(inherited)",
					"@executable_path/Frameworks",
				);
				PRODUCT_BUNDLE_IDENTIFIER = jp.hatenablog.an.SystemColorSample;
				PRODUCT_NAME = "$(TARGET_NAME)";
				SWIFT_VERSION = 5.0;
				TARGETED_DEVICE_FAMILY = "1,2";
			};
			name = Release;
		};
/* End XCBuildConfiguration section */

/* Begin XCConfigurationList section */
		A104C50F236D9D44006DC064 /* Build configuration list for PBXProject "SystemColorSample" */ = {
			isa = XCConfigurationList;
			buildConfigurations = (
				A104C526236D9D45006DC064 /* Debug */,
				A104C527236D9D45006DC064 /* Release */,
			);
			defaultConfigurationIsVisible = 0;
			defaultConfigurationName = Release;
		};
		A104C528236D9D45006DC064 /* Build configuration list for PBXNativeTarget "SystemColorSample" */ = {
			isa = XCConfigurationList;
			buildConfigurations = (
				A104C529236D9D45006DC064 /* Debug */,
				A104C52A236D9D45006DC064 /* Release */,
			);
			defaultConfigurationIsVisible = 0;
			defaultConfigurationName = Release;
		};
/* End XCConfigurationList section */
	};
	rootObject = A104C50C236D9D44006DC064 /* Project object */;
}
